// !$*UTF8*$!
{
	archiveVersion = 1;
	classes = {
	};
	objectVersion = 46;
	objects = {

/* Begin PBXBuildFile section */
		C1097B861B14621D00CEC7B4 /* AppDelegate.swift in Sources */ = {isa = PBXBuildFile; fileRef = C1097B851B14621D00CEC7B4 /* AppDelegate.swift */; };
		C1097B881B14621D00CEC7B4 /* ViewController.swift in Sources */ = {isa = PBXBuildFile; fileRef = C1097B871B14621D00CEC7B4 /* ViewController.swift */; };
		C1097B8B1B14621D00CEC7B4 /* Main.storyboard in Resources */ = {isa = PBXBuildFile; fileRef = C1097B891B14621D00CEC7B4 /* Main.storyboard */; };
		C1097B8D1B14621D00CEC7B4 /* Images.xcassets in Resources */ = {isa = PBXBuildFile; fileRef = C1097B8C1B14621D00CEC7B4 /* Images.xcassets */; };
		C1097B901B14621D00CEC7B4 /* LaunchScreen.xib in Resources */ = {isa = PBXBuildFile; fileRef = C1097B8E1B14621D00CEC7B4 /* LaunchScreen.xib */; };
		C1097B9C1B14621D00CEC7B4 /* ClasesObjetosTests.swift in Sources */ = {isa = PBXBuildFile; fileRef = C1097B9B1B14621D00CEC7B4 /* ClasesObjetosTests.swift */; };
/* End PBXBuildFile section */

/* Begin PBXContainerItemProxy section */
		C1097B961B14621D00CEC7B4 /* PBXContainerItemProxy */ = {
			isa = PBXContainerItemProxy;
			containerPortal = C1097B781B14621D00CEC7B4 /* Project object */;
			proxyType = 1;
			remoteGlobalIDString = C1097B7F1B14621D00CEC7B4;
			remoteInfo = ClasesObjetos;
		};
/* End PBXContainerItemProxy section */

/* Begin PBXFileReference section */
		C1097B801B14621D00CEC7B4 /* ClasesObjetos.app */ = {isa = PBXFileReference; explicitFileType = wrapper.application; includeInIndex = 0; path = ClasesObjetos.app; sourceTree = BUILT_PRODUCTS_DIR; };
		C1097B841B14621D00CEC7B4 /* Info.plist */ = {isa = PBXFileReference; lastKnownFileType = text.plist.xml; path = Info.plist; sourceTree = "<group>"; };
		C1097B851B14621D00CEC7B4 /* AppDelegate.swift */ = {isa = PBXFileReference; lastKnownFileType = sourcecode.swift; path = AppDelegate.swift; sourceTree = "<group>"; };
		C1097B871B14621D00CEC7B4 /* ViewController.swift */ = {isa = PBXFileReference; lastKnownFileType = sourcecode.swift; path = ViewController.swift; sourceTree = "<group>"; };
		C1097B8A1B14621D00CEC7B4 /* Base */ = {isa = PBXFileReference; lastKnownFileType = file.storyboard; name = Base; path = Base.lproj/Main.storyboard; sourceTree = "<group>"; };
		C1097B8C1B14621D00CEC7B4 /* Images.xcassets */ = {isa = PBXFileReference; lastKnownFileType = folder.assetcatalog; path = Images.xcassets; sourceTree = "<group>"; };
		C1097B8F1B14621D00CEC7B4 /* Base */ = {isa = PBXFileReference; lastKnownFileType = file.xib; name = Base; path = Base.lproj/LaunchScreen.xib; sourceTree = "<group>"; };
		C1097B951B14621D00CEC7B4 /* ClasesObjetosTests.xctest */ = {isa = PBXFileReference; explicitFileType = wrapper.cfbundle; includeInIndex = 0; path = ClasesObjetosTests.xctest; sourceTree = BUILT_PRODUCTS_DIR; };
		C1097B9A1B14621D00CEC7B4 /* Info.plist */ = {isa = PBXFileReference; lastKnownFileType = text.plist.xml; path = Info.plist; sourceTree = "<group>"; };
		C1097B9B1B14621D00CEC7B4 /* ClasesObjetosTests.swift */ = {isa = PBXFileReference; lastKnownFileType = sourcecode.swift; path = ClasesObjetosTests.swift; sourceTree = "<group>"; };
/* End PBXFileReference section */

/* Begin PBXFrameworksBuildPhase section */
		C1097B7D1B14621D00CEC7B4 /* Frameworks */ = {
			isa = PBXFrameworksBuildPhase;
			buildActionMask = 2147483647;
			files = (
			);
			runOnlyForDeploymentPostprocessing = 0;
		};
		C1097B921B14621D00CEC7B4 /* Frameworks */ = {
			isa = PBXFrameworksBuildPhase;
			buildActionMask = 2147483647;
			files = (
			);
			runOnlyForDeploymentPostprocessing = 0;
		};
/* End PBXFrameworksBuildPhase section */

/* Begin PBXGroup section */
		C1097B771B14621D00CEC7B4 = {
			isa = PBXGroup;
			children = (
				C1097B821B14621D00CEC7B4 /* ClasesObjetos */,
				C1097B981B14621D00CEC7B4 /* ClasesObjetosTests */,
				C1097B811B14621D00CEC7B4 /* Products */,
			);
			sourceTree = "<group>";
		};
		C1097B811B14621D00CEC7B4 /* Products */ = {
			isa = PBXGroup;
			children = (
				C1097B801B14621D00CEC7B4 /* ClasesObjetos.app */,
				C1097B951B14621D00CEC7B4 /* ClasesObjetosTests.xctest */,
			);
			name = Products;
			sourceTree = "<group>";
		};
		C1097B821B14621D00CEC7B4 /* ClasesObjetos */ = {
			isa = PBXGroup;
			children = (
				C1097B851B14621D00CEC7B4 /* AppDelegate.swift */,
				C1097B871B14621D00CEC7B4 /* ViewController.swift */,
				C1097B891B14621D00CEC7B4 /* Main.storyboard */,
				C1097B8C1B14621D00CEC7B4 /* Images.xcassets */,
				C1097B8E1B14621D00CEC7B4 /* LaunchScreen.xib */,
				C1097B831B14621D00CEC7B4 /* Supporting Files */,
			);
			path = ClasesObjetos;
			sourceTree = "<group>";
		};
		C1097B831B14621D00CEC7B4 /* Supporting Files */ = {
			isa = PBXGroup;
			children = (
				C1097B841B14621D00CEC7B4 /* Info.plist */,
			);
			name = "Supporting Files";
			sourceTree = "<group>";
		};
		C1097B981B14621D00CEC7B4 /* ClasesObjetosTests */ = {
			isa = PBXGroup;
			children = (
				C1097B9B1B14621D00CEC7B4 /* ClasesObjetosTests.swift */,
				C1097B991B14621D00CEC7B4 /* Supporting Files */,
			);
			path = ClasesObjetosTests;
			sourceTree = "<group>";
		};
		C1097B991B14621D00CEC7B4 /* Supporting Files */ = {
			isa = PBXGroup;
			children = (
				C1097B9A1B14621D00CEC7B4 /* Info.plist */,
			);
			name = "Supporting Files";
			sourceTree = "<group>";
		};
/* End PBXGroup section */

/* Begin PBXNativeTarget section */
		C1097B7F1B14621D00CEC7B4 /* ClasesObjetos */ = {
			isa = PBXNativeTarget;
			buildConfigurationList = C1097B9F1B14621D00CEC7B4 /* Build configuration list for PBXNativeTarget "ClasesObjetos" */;
			buildPhases = (
				C1097B7C1B14621D00CEC7B4 /* Sources */,
				C1097B7D1B14621D00CEC7B4 /* Frameworks */,
				C1097B7E1B14621D00CEC7B4 /* Resources */,
			);
			buildRules = (
			);
			dependencies = (
			);
			name = ClasesObjetos;
			productName = ClasesObjetos;
			productReference = C1097B801B14621D00CEC7B4 /* ClasesObjetos.app */;
			productType = "com.apple.product-type.application";
		};
		C1097B941B14621D00CEC7B4 /* ClasesObjetosTests */ = {
			isa = PBXNativeTarget;
			buildConfigurationList = C1097BA21B14621D00CEC7B4 /* Build configuration list for PBXNativeTarget "ClasesObjetosTests" */;
			buildPhases = (
				C1097B911B14621D00CEC7B4 /* Sources */,
				C1097B921B14621D00CEC7B4 /* Frameworks */,
				C1097B931B14621D00CEC7B4 /* Resources */,
			);
			buildRules = (
			);
			dependencies = (
				C1097B971B14621D00CEC7B4 /* PBXTargetDependency */,
			);
			name = ClasesObjetosTests;
			productName = ClasesObjetosTests;
			productReference = C1097B951B14621D00CEC7B4 /* ClasesObjetosTests.xctest */;
			productType = "com.apple.product-type.bundle.unit-test";
		};
/* End PBXNativeTarget section */

/* Begin PBXProject section */
		C1097B781B14621D00CEC7B4 /* Project object */ = {
			isa = PBXProject;
			attributes = {
				LastUpgradeCheck = 0630;
				ORGANIZATIONNAME = Marco7vr;
				TargetAttributes = {
					C1097B7F1B14621D00CEC7B4 = {
						CreatedOnToolsVersion = 6.3;
					};
					C1097B941B14621D00CEC7B4 = {
						CreatedOnToolsVersion = 6.3;
						TestTargetID = C1097B7F1B14621D00CEC7B4;
					};
				};
			};
			buildConfigurationList = C1097B7B1B14621D00CEC7B4 /* Build configuration list for PBXProject "ClasesObjetos" */;
			compatibilityVersion = "Xcode 3.2";
			developmentRegion = English;
			hasScannedForEncodings = 0;
			knownRegions = (
				en,
				Base,
			);
			mainGroup = C1097B771B14621D00CEC7B4;
			productRefGroup = C1097B811B14621D00CEC7B4 /* Products */;
			projectDirPath = "";
			projectRoot = "";
			targets = (
				C1097B7F1B14621D00CEC7B4 /* ClasesObjetos */,
				C1097B941B14621D00CEC7B4 /* ClasesObjetosTests */,
			);
		};
/* End PBXProject section */

/* Begin PBXResourcesBuildPhase section */
		C1097B7E1B14621D00CEC7B4 /* Resources */ = {
			isa = PBXResourcesBuildPhase;
			buildActionMask = 2147483647;
			files = (
				C1097B8B1B14621D00CEC7B4 /* Main.storyboard in Resources */,
				C1097B901B14621D00CEC7B4 /* LaunchScreen.xib in Resources */,
				C1097B8D1B14621D00CEC7B4 /* Images.xcassets in Resources */,
			);
			runOnlyForDeploymentPostprocessing = 0;
		};
		C1097B931B14621D00CEC7B4 /* Resources */ = {
			isa = PBXResourcesBuildPhase;
			buildActionMask = 2147483647;
			files = (
			);
			runOnlyForDeploymentPostprocessing = 0;
		};
/* End PBXResourcesBuildPhase section */

/* Begin PBXSourcesBuildPhase section */
		C1097B7C1B14621D00CEC7B4 /* Sources */ = {
			isa = PBXSourcesBuildPhase;
			buildActionMask = 2147483647;
			files = (
				C1097B881B14621D00CEC7B4 /* ViewController.swift in Sources */,
				C1097B861B14621D00CEC7B4 /* AppDelegate.swift in Sources */,
			);
			runOnlyForDeploymentPostprocessing = 0;
		};
		C1097B911B14621D00CEC7B4 /* Sources */ = {
			isa = PBXSourcesBuildPhase;
			buildActionMask = 2147483647;
			files = (
				C1097B9C1B14621D00CEC7B4 /* ClasesObjetosTests.swift in Sources */,
			);
			runOnlyForDeploymentPostprocessing = 0;
		};
/* End PBXSourcesBuildPhase section */

/* Begin PBXTargetDependency section */
		C1097B971B14621D00CEC7B4 /* PBXTargetDependency */ = {
			isa = PBXTargetDependency;
			target = C1097B7F1B14621D00CEC7B4 /* ClasesObjetos */;
			targetProxy = C1097B961B14621D00CEC7B4 /* PBXContainerItemProxy */;
		};
/* End PBXTargetDependency section */

/* Begin PBXVariantGroup section */
		C1097B891B14621D00CEC7B4 /* Main.storyboard */ = {
			isa = PBXVariantGroup;
			children = (
				C1097B8A1B14621D00CEC7B4 /* Base */,
			);
			name = Main.storyboard;
			sourceTree = "<group>";
		};
		C1097B8E1B14621D00CEC7B4 /* LaunchScreen.xib */ = {
			isa = PBXVariantGroup;
			children = (
				C1097B8F1B14621D00CEC7B4 /* Base */,
			);
			name = LaunchScreen.xib;
			sourceTree = "<group>";
		};
/* End PBXVariantGroup section */

/* Begin XCBuildConfiguration section */
		C1097B9D1B14621D00CEC7B4 /* Debug */ = {
			isa = XCBuildConfiguration;
			buildSettings = {
				ALWAYS_SEARCH_USER_PATHS = NO;
				CLANG_CXX_LANGUAGE_STANDARD = "gnu++0x";
				CLANG_CXX_LIBRARY = "libc++";
				CLANG_ENABLE_MODULES = YES;
				CLANG_ENABLE_OBJC_ARC = YES;
				CLANG_WARN_BOOL_CONVERSION = YES;
				CLANG_WARN_CONSTANT_CONVERSION = YES;
				CLANG_WARN_DIRECT_OBJC_ISA_USAGE = YES_ERROR;
				CLANG_WARN_EMPTY_BODY = YES;
				CLANG_WARN_ENUM_CONVERSION = YES;
				CLANG_WARN_INT_CONVERSION = YES;
				CLANG_WARN_OBJC_ROOT_CLASS = YES_ERROR;
				CLANG_WARN_UNREACHABLE_CODE = YES;
				CLANG_WARN__DUPLICATE_METHOD_MATCH = YES;
				"CODE_SIGN_IDENTITY[sdk=iphoneos*]" = "iPhone Developer";
				COPY_PHASE_STRIP = NO;
				DEBUG_INFORMATION_FORMAT = "dwarf-with-dsym";
				ENABLE_STRICT_OBJC_MSGSEND = YES;
				GCC_C_LANGUAGE_STANDARD = gnu99;
				GCC_DYNAMIC_NO_PIC = NO;
				GCC_NO_COMMON_BLOCKS = YES;
				GCC_OPTIMIZATION_LEVEL = 0;
				GCC_PREPROCESSOR_DEFINITIONS = (
					"DEBUG=1",
					"$(inherited)",
				);
				GCC_SYMBOLS_PRIVATE_EXTERN = NO;
				GCC_WARN_64_TO_32_BIT_CONVERSION = YES;
				GCC_WARN_ABOUT_RETURN_TYPE = YES_ERROR;
				GCC_WARN_UNDECLARED_SELECTOR = YES;
				GCC_WARN_UNINITIALIZED_AUTOS = YES_AGGRESSIVE;
				GCC_WARN_UNUSED_FUNCTION = YES;
				GCC_WARN_UNUSED_VARIABLE = YES;
				IPHONEOS_DEPLOYMENT_TARGET = 8.3;
				MTL_ENABLE_DEBUG_INFO = YES;
				ONLY_ACTIVE_ARCH = YES;
				SDKROOT = iphoneos;
				SWIFT_OPTIMIZATION_LEVEL = "-Onone";
			};
			name = Debug;
		};
		C1097B9E1B14621D00CEC7B4 /* Release */ = {
			isa = XCBuildConfiguration;
			buildSettings = {
				ALWAYS_SEARCH_USER_PATHS = NO;
				CLANG_CXX_LANGUAGE_STANDARD = "gnu++0x";
				CLANG_CXX_LIBRARY = "libc++";
				CLANG_ENABLE_MODULES = YES;
				CLANG_ENABLE_OBJC_ARC = YES;
				CLANG_WARN_BOOL_CONVERSION = YES;
				CLANG_WARN_CONSTANT_CONVERSION = YES;
				CLANG_WARN_DIRECT_OBJC_ISA_USAGE = YES_ERROR;
				CLANG_WARN_EMPTY_BODY = YES;
				CLANG_WARN_ENUM_CONVERSION = YES;
				CLANG_WARN_INT_CONVERSION = YES;
				CLANG_WARN_OBJC_ROOT_CLASS = YES_ERROR;
				CLANG_WARN_UNREACHABLE_CODE = YES;
				CLANG_WARN__DUPLICATE_METHOD_MATCH = YES;
				"CODE_SIGN_IDENTITY[sdk=iphoneos*]" = "iPhone Developer";
				COPY_PHASE_STRIP = NO;
				DEBUG_INFORMATION_FORMAT = "dwarf-with-dsym";
				ENABLE_NS_ASSERTIONS = NO;
				ENABLE_STRICT_OBJC_MSGSEND = YES;
				GCC_C_LANGUAGE_STANDARD = gnu99;
				GCC_NO_COMMON_BLOCKS = YES;
				GCC_WARN_64_TO_32_BIT_CONVERSION = YES;
				GCC_WARN_ABOUT_RETURN_TYPE = YES_ERROR;
				GCC_WARN_UNDECLARED_SELECTOR = YES;
				GCC_WARN_UNINITIALIZED_AUTOS = YES_AGGRESSIVE;
				GCC_WARN_UNUSED_FUNCTION = YES;
				GCC_WARN_UNUSED_VARIABLE = YES;
				IPHONEOS_DEPLOYMENT_TARGET = 8.3;
				MTL_ENABLE_DEBUG_INFO = NO;
				SDKROOT = iphoneos;
				VALIDATE_PRODUCT = YES;
			};
			name = Release;
		};
		C1097BA01B14621D00CEC7B4 /* Debug */ = {
			isa = XCBuildConfiguration;
			buildSettings = {
				ASSETCATALOG_COMPILER_APPICON_NAME = AppIcon;
				INFOPLIST_FILE = ClasesObjetos/Info.plist;
				LD_RUNPATH_SEARCH_PATHS = "$(inherited) @executable_path/Frameworks";
				PRODUCT_NAME = "$(TARGET_NAME)";
			};
			name = Debug;
		};
		C1097BA11B14621D00CEC7B4 /* Release */ = {
			isa = XCBuildConfiguration;
			buildSettings = {
				ASSETCATALOG_COMPILER_APPICON_NAME = AppIcon;
				INFOPLIST_FILE = ClasesObjetos/Info.plist;
				LD_RUNPATH_SEARCH_PATHS = "$(inherited) @executable_path/Frameworks";
				PRODUCT_NAME = "$(TARGET_NAME)";
			};
			name = Release;
		};
		C1097BA31B14621D00CEC7B4 /* Debug */ = {
			isa = XCBuildConfiguration;
			buildSettings = {
				BUNDLE_LOADER = "$(TEST_HOST)";
				FRAMEWORK_SEARCH_PATHS = (
					"$(SDKROOT)/Developer/Library/Frameworks",
					"$(inherited)",
				);
				GCC_PREPROCESSOR_DEFINITIONS = (
					"DEBUG=1",
					"$(inherited)",
				);
				INFOPLIST_FILE = ClasesObjetosTests/Info.plist;
				LD_RUNPATH_SEARCH_PATHS = "$(inherited) @executable_path/Frameworks @loader_path/Frameworks";
				PRODUCT_NAME = "$(TARGET_NAME)";
				TEST_HOST = "$(BUILT_PRODUCTS_DIR)/ClasesObjetos.app/ClasesObjetos";
			};
			name = Debug;
		};
		C1097BA41B14621D00CEC7B4 /* Release */ = {
			isa = XCBuildConfiguration;
			buildSettings = {
				BUNDLE_LOADER = "$(TEST_HOST)";
				FRAMEWORK_SEARCH_PATHS = (
					"$(SDKROOT)/Developer/Library/Frameworks",
					"$(inherited)",
				);
				INFOPLIST_FILE = ClasesObjetosTests/Info.plist;
				LD_RUNPATH_SEARCH_PATHS = "$(inherited) @executable_path/Frameworks @loader_path/Frameworks";
				PRODUCT_NAME = "$(TARGET_NAME)";
				TEST_HOST = "$(BUILT_PRODUCTS_DIR)/ClasesObjetos.app/ClasesObjetos";
			};
			name = Release;
		};
/* End XCBuildConfiguration section */

/* Begin XCConfigurationList section */
		C1097B7B1B14621D00CEC7B4 /* Build configuration list for PBXProject "ClasesObjetos" */ = {
			isa = XCConfigurationList;
			buildConfigurations = (
				C1097B9D1B14621D00CEC7B4 /* Debug */,
				C1097B9E1B14621D00CEC7B4 /* Release */,
			);
			defaultConfigurationIsVisible = 0;
			defaultConfigurationName = Release;
		};
		C1097B9F1B14621D00CEC7B4 /* Build configuration list for PBXNativeTarget "ClasesObjetos" */ = {
			isa = XCConfigurationList;
			buildConfigurations = (
				C1097BA01B14621D00CEC7B4 /* Debug */,
				C1097BA11B14621D00CEC7B4 /* Release */,
			);
			defaultConfigurationIsVisible = 0;
		};
		C1097BA21B14621D00CEC7B4 /* Build configuration list for PBXNativeTarget "ClasesObjetosTests" */ = {
			isa = XCConfigurationList;
			buildConfigurations = (
				C1097BA31B14621D00CEC7B4 /* Debug */,
				C1097BA41B14621D00CEC7B4 /* Release */,
			);
			defaultConfigurationIsVisible = 0;
		};
/* End XCConfigurationList section */
	};
	rootObject = C1097B781B14621D00CEC7B4 /* Project object */;
}
